
Microsoft Visual Studio Solution File, Format Version 12.00
# Visual Studio Version 17
VisualStudioVersion = 17.6.33829.357
MinimumVisualStudioVersion = 10.0.40219.1
Project("{9A19103F-16F7-4668-BE54-9A1E7A4F7556}") = "CoreNetActivities.Tests", "CoreNetActivities.Tests\CoreNetActivities.Tests.csproj", "{8C069973-AEAA-4505-984C-8032BA2315E2}"
EndProject
Project("{9A19103F-16F7-4668-BE54-9A1E7A4F7556}") = "Activity2", "Activity2\Activity2.csproj", "{BE67E5B9-5F12-4353-942E-C1A6CCD2F7C2}"
EndProject
Project("{9A19103F-16F7-4668-BE54-9A1E7A4F7556}") = "Activity1", "Activity1\Activity1.csproj", "{6039850D-5590-4994-BAB7-66F1ABBFA603}"
EndProject
Project("{9A19103F-16F7-4668-BE54-9A1E7A4F7556}") = "Activity3", "Activity3\Activity3.csproj", "{9177D669-D585-42DF-9A60-E8650FE1BEB9}"
EndProject
Project("{9A19103F-16F7-4668-BE54-9A1E7A4F7556}") = "Activity4", "Activity4\Activity4.csproj", "{A383542A-2501-496E-8943-17A376C4FAC2}"
EndProject
Project("{9A19103F-16F7-4668-BE54-9A1E7A4F7556}") = "Activity5", "Activity5\Activity5.csproj", "{760A16EC-9E83-45A8-9631-D9662F4424A1}"
EndProject
Project("{9A19103F-16F7-4668-BE54-9A1E7A4F7556}") = "Activity6", "Activity6\Activity6.csproj", "{44818C9F-3CAB-4EB3-A1D2-6F28FAACBCD2}"
EndProject
Project("{9A19103F-16F7-4668-BE54-9A1E7A4F7556}") = "Activity7", "Activity7\Activity7.csproj", "{BD405E59-7BAA-4A78-A462-D6E485DCFE34}"
EndProject
Project("{9A19103F-16F7-4668-BE54-9A1E7A4F7556}") = "Activity8", "Activity8\Activity8.csproj", "{398493FE-1943-4B6D-ACC7-D261D7A5DFF4}"
EndProject
Project("{FAE04EC0-301F-11D3-BF4B-00C04F79EFBC}") = "Activity8.Console", "Activity8.Console\Activity8.Console.csproj", "{275D605B-BD5D-447C-9945-EFDF73D94582}"
EndProject
Project("{FAE04EC0-301F-11D3-BF4B-00C04F79EFBC}") = "LoanProcessing", "LoanProcessing\LoanProcessing.csproj", "{AF8F511D-CC04-4028-B36D-9F62B9C1338A}"
EndProject
Project("{FAE04EC0-301F-11D3-BF4B-00C04F79EFBC}") = "TrainEvents", "TrainEvents\TrainEvents.csproj", "{D51577E3-E7DE-4E99-9DA1-DB0A7F1A9B73}"
EndProject
Global
	GlobalSection(SolutionConfigurationPlatforms) = preSolution
		Debug|Any CPU = Debug|Any CPU
		Release|Any CPU = Release|Any CPU
	EndGlobalSection
	GlobalSection(ProjectConfigurationPlatforms) = postSolution
		{8C069973-AEAA-4505-984C-8032BA2315E2}.Debug|Any CPU.ActiveCfg = Debug|Any CPU
		{8C069973-AEAA-4505-984C-8032BA2315E2}.Debug|Any CPU.Build.0 = Debug|Any CPU
		{8C069973-AEAA-4505-984C-8032BA2315E2}.Release|Any CPU.ActiveCfg = Release|Any CPU
		{8C069973-AEAA-4505-984C-8032BA2315E2}.Release|Any CPU.Build.0 = Release|Any CPU
		{BE67E5B9-5F12-4353-942E-C1A6CCD2F7C2}.Debug|Any CPU.ActiveCfg = Debug|Any CPU
		{BE67E5B9-5F12-4353-942E-C1A6CCD2F7C2}.Debug|Any CPU.Build.0 = Debug|Any CPU
		{BE67E5B9-5F12-4353-942E-C1A6CCD2F7C2}.Release|Any CPU.ActiveCfg = Release|Any CPU
		{BE67E5B9-5F12-4353-942E-C1A6CCD2F7C2}.Release|Any CPU.Build.0 = Release|Any CPU
		{6039850D-5590-4994-BAB7-66F1ABBFA603}.Debug|Any CPU.ActiveCfg = Debug|Any CPU
		{6039850D-5590-4994-BAB7-66F1ABBFA603}.Debug|Any CPU.Build.0 = Debug|Any CPU
		{6039850D-5590-4994-BAB7-66F1ABBFA603}.Release|Any CPU.ActiveCfg = Release|Any CPU
		{6039850D-5590-4994-BAB7-66F1ABBFA603}.Release|Any CPU.Build.0 = Release|Any CPU
		{9177D669-D585-42DF-9A60-E8650FE1BEB9}.Debug|Any CPU.ActiveCfg = Debug|Any CPU
		{9177D669-D585-42DF-9A60-E8650FE1BEB9}.Debug|Any CPU.Build.0 = Debug|Any CPU
		{9177D669-D585-42DF-9A60-E8650FE1BEB9}.Release|Any CPU.ActiveCfg = Release|Any CPU
		{9177D669-D585-42DF-9A60-E8650FE1BEB9}.Release|Any CPU.Build.0 = Release|Any CPU
		{A383542A-2501-496E-8943-17A376C4FAC2}.Debug|Any CPU.ActiveCfg = Debug|Any CPU
		{A383542A-2501-496E-8943-17A376C4FAC2}.Debug|Any CPU.Build.0 = Debug|Any CPU
		{A383542A-2501-496E-8943-17A376C4FAC2}.Release|Any CPU.ActiveCfg = Release|Any CPU
		{A383542A-2501-496E-8943-17A376C4FAC2}.Release|Any CPU.Build.0 = Release|Any CPU
		{760A16EC-9E83-45A8-9631-D9662F4424A1}.Debug|Any CPU.ActiveCfg = Debug|Any CPU
		{760A16EC-9E83-45A8-9631-D9662F4424A1}.Debug|Any CPU.Build.0 = Debug|Any CPU
		{760A16EC-9E83-45A8-9631-D9662F4424A1}.Release|Any CPU.ActiveCfg = Release|Any CPU
		{760A16EC-9E83-45A8-9631-D9662F4424A1}.Release|Any CPU.Build.0 = Release|Any CPU
		{44818C9F-3CAB-4EB3-A1D2-6F28FAACBCD2}.Debug|Any CPU.ActiveCfg = Debug|Any CPU
		{44818C9F-3CAB-4EB3-A1D2-6F28FAACBCD2}.Debug|Any CPU.Build.0 = Debug|Any CPU
		{44818C9F-3CAB-4EB3-A1D2-6F28FAACBCD2}.Release|Any CPU.ActiveCfg = Release|Any CPU
		{44818C9F-3CAB-4EB3-A1D2-6F28FAACBCD2}.Release|Any CPU.Build.0 = Release|Any CPU
		{BD405E59-7BAA-4A78-A462-D6E485DCFE34}.Debug|Any CPU.ActiveCfg = Debug|Any CPU
		{BD405E59-7BAA-4A78-A462-D6E485DCFE34}.Debug|Any CPU.Build.0 = Debug|Any CPU
		{BD405E59-7BAA-4A78-A462-D6E485DCFE34}.Release|Any CPU.ActiveCfg = Release|Any CPU
		{BD405E59-7BAA-4A78-A462-D6E485DCFE34}.Release|Any CPU.Build.0 = Release|Any CPU
		{398493FE-1943-4B6D-ACC7-D261D7A5DFF4}.Debug|Any CPU.ActiveCfg = Debug|Any CPU
		{398493FE-1943-4B6D-ACC7-D261D7A5DFF4}.Debug|Any CPU.Build.0 = Debug|Any CPU
		{398493FE-1943-4B6D-ACC7-D261D7A5DFF4}.Release|Any CPU.ActiveCfg = Release|Any CPU
		{398493FE-1943-4B6D-ACC7-D261D7A5DFF4}.Release|Any CPU.Build.0 = Release|Any CPU
		{275D605B-BD5D-447C-9945-EFDF73D94582}.Debug|Any CPU.ActiveCfg = Debug|Any CPU
		{275D605B-BD5D-447C-9945-EFDF73D94582}.Debug|Any CPU.Build.0 = Debug|Any CPU
		{275D605B-BD5D-447C-9945-EFDF73D94582}.Release|Any CPU.ActiveCfg = Release|Any CPU
		{275D605B-BD5D-447C-9945-EFDF73D94582}.Release|Any CPU.Build.0 = Release|Any CPU
		{AF8F511D-CC04-4028-B36D-9F62B9C1338A}.Debug|Any CPU.ActiveCfg = Debug|Any CPU
		{AF8F511D-CC04-4028-B36D-9F62B9C1338A}.Debug|Any CPU.Build.0 = Debug|Any CPU
		{AF8F511D-CC04-4028-B36D-9F62B9C1338A}.Release|Any CPU.ActiveCfg = Release|Any CPU
		{AF8F511D-CC04-4028-B36D-9F62B9C1338A}.Release|Any CPU.Build.0 = Release|Any CPU
		{D51577E3-E7DE-4E99-9DA1-DB0A7F1A9B73}.Debug|Any CPU.ActiveCfg = Debug|Any CPU
		{D51577E3-E7DE-4E99-9DA1-DB0A7F1A9B73}.Debug|Any CPU.Build.0 = Debug|Any CPU
		{D51577E3-E7DE-4E99-9DA1-DB0A7F1A9B73}.Release|Any CPU.ActiveCfg = Release|Any CPU
		{D51577E3-E7DE-4E99-9DA1-DB0A7F1A9B73}.Release|Any CPU.Build.0 = Release|Any CPU
	EndGlobalSection
	GlobalSection(SolutionProperties) = preSolution
		HideSolutionNode = FALSE
	EndGlobalSection
	GlobalSection(ExtensibilityGlobals) = postSolution
		SolutionGuid = {7788A240-FB92-47E7-AB63-0BD60515A9A5}
	EndGlobalSection
EndGlobal
